
Microsoft Visual Studio Solution File, Format Version 12.00
# Visual Studio Version 17
VisualStudioVersion = 17.14.36915.13 d17.14
MinimumVisualStudioVersion = 10.0.40219.1
Project("{FAE04EC0-301F-11D3-BF4B-00C04F79EFBC}") = "CyberApp_part1", "CyberApp_part1\CyberApp_part1.csproj", "{0DD9F1F3-8F59-4B92-A073-632CBF3FC313}"
EndProject
Global
	GlobalSection(SolutionConfigurationPlatforms) = preSolution
		Debug|Any CPU = Debug|Any CPU
		Release|Any CPU = Release|Any CPU
	EndGlobalSection
	GlobalSection(ProjectConfigurationPlatforms) = postSolution
		{0DD9F1F3-8F59-4B92-A073-632CBF3FC313}.Debug|Any CPU.ActiveCfg = Debug|Any CPU
		{0DD9F1F3-8F59-4B92-A073-632CBF3FC313}.Debug|Any CPU.Build.0 = Debug|Any CPU
		{0DD9F1F3-8F59-4B92-A073-632CBF3FC313}.Release|Any CPU.ActiveCfg = Release|Any CPU
		{0DD9F1F3-8F59-4B92-A073-632CBF3FC313}.Release|Any CPU.Build.0 = Release|Any CPU
	EndGlobalSection
	GlobalSection(SolutionProperties) = preSolution
		HideSolutionNode = FALSE
	EndGlobalSection
	GlobalSection(ExtensibilityGlobals) = postSolution
		SolutionGuid = {F79F99B8-16F3-428E-8FBF-D0725CCD212B}
	EndGlobalSection
EndGlobal
